
Microsoft Visual Studio Solution File, Format Version 12.00
# Visual Studio Version 16
VisualStudioVersion = 25.0.1706.13
MinimumVisualStudioVersion = 10.0.40219.1
Project("{FAE04EC0-301F-11D3-BF4B-00C04F79EFBC}") = "08022024_s7_progetto", "08022024_s7_progetto.csproj", "{C2ABC52C-4F32-4489-BAD0-A825A21A7048}"
EndProject
Global
	GlobalSection(SolutionConfigurationPlatforms) = preSolution
		Debug|Any CPU = Debug|Any CPU
		Release|Any CPU = Release|Any CPU
	EndGlobalSection
	GlobalSection(ProjectConfigurationPlatforms) = postSolution
		{C2ABC52C-4F32-4489-BAD0-A825A21A7048}.Debug|Any CPU.ActiveCfg = Debug|Any CPU
		{C2ABC52C-4F32-4489-BAD0-A825A21A7048}.Debug|Any CPU.Build.0 = Debug|Any CPU
		{C2ABC52C-4F32-4489-BAD0-A825A21A7048}.Release|Any CPU.ActiveCfg = Release|Any CPU
		{C2ABC52C-4F32-4489-BAD0-A825A21A7048}.Release|Any CPU.Build.0 = Release|Any CPU
	EndGlobalSection
	GlobalSection(SolutionProperties) = preSolution
		HideSolutionNode = FALSE
	EndGlobalSection
	GlobalSection(ExtensibilityGlobals) = postSolution
		SolutionGuid = {14D28448-C112-4CCE-A14F-43C938CA47B6}
	EndGlobalSection
EndGlobal
